// !$*UTF8*$!
{
	archiveVersion = 1;
	classes = {
	};
	objectVersion = 51;
	objects = {

/* Begin PBXBuildFile section */
		220A21F82647F47100F0F362 /* Tutor.xcassets in Resources */ = {isa = PBXBuildFile; fileRef = 220A21F42647F47100F0F362 /* Tutor.xcassets */; };
		220A21F92647F47100F0F362 /* Tutors in Resources */ = {isa = PBXBuildFile; fileRef = 220A21F52647F47100F0F362 /* Tutors */; };
		220A21FA2647F47100F0F362 /* Tutor.swift in Sources */ = {isa = PBXBuildFile; fileRef = 220A21F62647F47100F0F362 /* Tutor.swift */; };
		220A21FB2647F47100F0F362 /* TutorDetail.swift in Sources */ = {isa = PBXBuildFile; fileRef = 220A21F72647F47100F0F362 /* TutorDetail.swift */; };
		220A21FD2647F7F500F0F362 /* Assets.xcassets in Resources */ = {isa = PBXBuildFile; fileRef = 220A21FC2647F7F500F0F362 /* Assets.xcassets */; };
		22234D3026471AB300140666 /* SwiftUI_exercise1App.swift in Sources */ = {isa = PBXBuildFile; fileRef = 22234D2F26471AB300140666 /* SwiftUI_exercise1App.swift */; };
		22234D3226471AB300140666 /* ContentView.swift in Sources */ = {isa = PBXBuildFile; fileRef = 22234D3126471AB300140666 /* ContentView.swift */; };
		22234D3426471AB400140666 /* Assets.xcassets in Resources */ = {isa = PBXBuildFile; fileRef = 22234D3326471AB400140666 /* Assets.xcassets */; };
		22234D3726471AB400140666 /* Preview Assets.xcassets in Resources */ = {isa = PBXBuildFile; fileRef = 22234D3626471AB400140666 /* Preview Assets.xcassets */; };
		22234D4226471AB400140666 /* SwiftUI_exercise1Tests.swift in Sources */ = {isa = PBXBuildFile; fileRef = 22234D4126471AB400140666 /* SwiftUI_exercise1Tests.swift */; };
		22234D4D26471AB400140666 /* SwiftUI_exercise1UITests.swift in Sources */ = {isa = PBXBuildFile; fileRef = 22234D4C26471AB400140666 /* SwiftUI_exercise1UITests.swift */; };
		D944F3BB0A3C124FA92DB384 /* Pods_SwiftUI_exercise1.framework in Frameworks */ = {isa = PBXBuildFile; fileRef = ACF1E57A111BA59E6B3AB56A /* Pods_SwiftUI_exercise1.framework */; };
/* End PBXBuildFile section */

/* Begin PBXContainerItemProxy section */
		22234D3E26471AB400140666 /* PBXContainerItemProxy */ = {
			isa = PBXContainerItemProxy;
			containerPortal = 22234D2426471AB300140666 /* Project object */;
			proxyType = 1;
			remoteGlobalIDString = 22234D2B26471AB300140666;
			remoteInfo = SwiftUI_exercise1;
		};
		22234D4926471AB400140666 /* PBXContainerItemProxy */ = {
			isa = PBXContainerItemProxy;
			containerPortal = 22234D2426471AB300140666 /* Project object */;
			proxyType = 1;
			remoteGlobalIDString = 22234D2B26471AB300140666;
			remoteInfo = SwiftUI_exercise1;
		};
/* End PBXContainerItemProxy section */

/* Begin PBXFileReference section */
		220A21F42647F47100F0F362 /* Tutor.xcassets */ = {isa = PBXFileReference; lastKnownFileType = folder.assetcatalog; path = Tutor.xcassets; sourceTree = "<group>"; };
		220A21F52647F47100F0F362 /* Tutors */ = {isa = PBXFileReference; lastKnownFileType = folder; path = Tutors; sourceTree = "<group>"; };
		220A21F62647F47100F0F362 /* Tutor.swift */ = {isa = PBXFileReference; fileEncoding = 4; lastKnownFileType = sourcecode.swift; path = Tutor.swift; sourceTree = "<group>"; };
		220A21F72647F47100F0F362 /* TutorDetail.swift */ = {isa = PBXFileReference; fileEncoding = 4; lastKnownFileType = sourcecode.swift; path = TutorDetail.swift; sourceTree = "<group>"; };
		220A21FC2647F7F500F0F362 /* Assets.xcassets */ = {isa = PBXFileReference; lastKnownFileType = folder.assetcatalog; path = Assets.xcassets; sourceTree = "<group>"; };
		22234D2C26471AB300140666 /* SwiftUI_exercise1.app */ = {isa = PBXFileReference; explicitFileType = wrapper.application; includeInIndex = 0; path = SwiftUI_exercise1.app; sourceTree = BUILT_PRODUCTS_DIR; };
		22234D2F26471AB300140666 /* SwiftUI_exercise1App.swift */ = {isa = PBXFileReference; lastKnownFileType = sourcecode.swift; path = SwiftUI_exercise1App.swift; sourceTree = "<group>"; };
		22234D3126471AB300140666 /* ContentView.swift */ = {isa = PBXFileReference; lastKnownFileType = sourcecode.swift; path = ContentView.swift; sourceTree = "<group>"; };
		22234D3326471AB400140666 /* Assets.xcassets */ = {isa = PBXFileReference; lastKnownFileType = folder.assetcatalog; path = Assets.xcassets; sourceTree = "<group>"; };
		22234D3626471AB400140666 /* Preview Assets.xcassets */ = {isa = PBXFileReference; lastKnownFileType = folder.assetcatalog; path = "Preview Assets.xcassets"; sourceTree = "<group>"; };
		22234D3826471AB400140666 /* Info.plist */ = {isa = PBXFileReference; lastKnownFileType = text.plist.xml; path = Info.plist; sourceTree = "<group>"; };
		22234D3D26471AB400140666 /* SwiftUI_exercise1Tests.xctest */ = {isa = PBXFileReference; explicitFileType = wrapper.cfbundle; includeInIndex = 0; path = SwiftUI_exercise1Tests.xctest; sourceTree = BUILT_PRODUCTS_DIR; };
		22234D4126471AB400140666 /* SwiftUI_exercise1Tests.swift */ = {isa = PBXFileReference; lastKnownFileType = sourcecode.swift; path = SwiftUI_exercise1Tests.swift; sourceTree = "<group>"; };
		22234D4326471AB400140666 /* Info.plist */ = {isa = PBXFileReference; lastKnownFileType = text.plist.xml; path = Info.plist; sourceTree = "<group>"; };
		22234D4826471AB400140666 /* SwiftUI_exercise1UITests.xctest */ = {isa = PBXFileReference; explicitFileType = wrapper.cfbundle; includeInIndex = 0; path = SwiftUI_exercise1UITests.xctest; sourceTree = BUILT_PRODUCTS_DIR; };
		22234D4C26471AB400140666 /* SwiftUI_exercise1UITests.swift */ = {isa = PBXFileReference; lastKnownFileType = sourcecode.swift; path = SwiftUI_exercise1UITests.swift; sourceTree = "<group>"; };
		22234D4E26471AB400140666 /* Info.plist */ = {isa = PBXFileReference; lastKnownFileType = text.plist.xml; path = Info.plist; sourceTree = "<group>"; };
		4D6B47E4ACEC8D6B7A075CF8 /* Pods-SwiftUI_exercise1.release.xcconfig */ = {isa = PBXFileReference; includeInIndex = 1; lastKnownFileType = text.xcconfig; name = "Pods-SwiftUI_exercise1.release.xcconfig"; path = "Target Support Files/Pods-SwiftUI_exercise1/Pods-SwiftUI_exercise1.release.xcconfig"; sourceTree = "<group>"; };
		7F132BCE5A4E762D34A65F6F /* Pods-SwiftUI_exercise1.debug.xcconfig */ = {isa = PBXFileReference; includeInIndex = 1; lastKnownFileType = text.xcconfig; name = "Pods-SwiftUI_exercise1.debug.xcconfig"; path = "Target Support Files/Pods-SwiftUI_exercise1/Pods-SwiftUI_exercise1.debug.xcconfig"; sourceTree = "<group>"; };
		ACF1E57A111BA59E6B3AB56A /* Pods_SwiftUI_exercise1.framework */ = {isa = PBXFileReference; explicitFileType = wrapper.framework; includeInIndex = 0; path = Pods_SwiftUI_exercise1.framework; sourceTree = BUILT_PRODUCTS_DIR; };
/* End PBXFileReference section */

/* Begin PBXFrameworksBuildPhase section */
		22234D2926471AB300140666 /* Frameworks */ = {
			isa = PBXFrameworksBuildPhase;
			buildActionMask = 2147483647;
			files = (
				D944F3BB0A3C124FA92DB384 /* Pods_SwiftUI_exercise1.framework in Frameworks */,
			);
			runOnlyForDeploymentPostprocessing = 0;
		};
		22234D3A26471AB400140666 /* Frameworks */ = {
			isa = PBXFrameworksBuildPhase;
			buildActionMask = 2147483647;
			files = (
			);
			runOnlyForDeploymentPostprocessing = 0;
		};
		22234D4526471AB400140666 /* Frameworks */ = {
			isa = PBXFrameworksBuildPhase;
			buildActionMask = 2147483647;
			files = (
			);
			runOnlyForDeploymentPostprocessing = 0;
		};
/* End PBXFrameworksBuildPhase section */

/* Begin PBXGroup section */
		22234D2326471AB300140666 = {
			isa = PBXGroup;
			children = (
				22234D2E26471AB300140666 /* SwiftUI_exercise1 */,
				22234D4026471AB400140666 /* SwiftUI_exercise1Tests */,
				22234D4B26471AB400140666 /* SwiftUI_exercise1UITests */,
				22234D2D26471AB300140666 /* Products */,
				EA18012EF2E6C876AC64E812 /* Pods */,
				950127988E81A9AD849863C8 /* Frameworks */,
			);
			sourceTree = "<group>";
		};
		22234D2D26471AB300140666 /* Products */ = {
			isa = PBXGroup;
			children = (
				22234D2C26471AB300140666 /* SwiftUI_exercise1.app */,
				22234D3D26471AB400140666 /* SwiftUI_exercise1Tests.xctest */,
				22234D4826471AB400140666 /* SwiftUI_exercise1UITests.xctest */,
			);
			name = Products;
			sourceTree = "<group>";
		};
		22234D2E26471AB300140666 /* SwiftUI_exercise1 */ = {
			isa = PBXGroup;
			children = (
				220A21F62647F47100F0F362 /* Tutor.swift */,
				220A21F42647F47100F0F362 /* Tutor.xcassets */,
				220A21FC2647F7F500F0F362 /* Assets.xcassets */,
				220A21F72647F47100F0F362 /* TutorDetail.swift */,
				220A21F52647F47100F0F362 /* Tutors */,
				22234D2F26471AB300140666 /* SwiftUI_exercise1App.swift */,
				22234D3126471AB300140666 /* ContentView.swift */,
				22234D3326471AB400140666 /* Assets.xcassets */,
				22234D3826471AB400140666 /* Info.plist */,
				22234D3526471AB400140666 /* Preview Content */,
			);
			path = SwiftUI_exercise1;
			sourceTree = "<group>";
		};
		22234D3526471AB400140666 /* Preview Content */ = {
			isa = PBXGroup;
			children = (
				22234D3626471AB400140666 /* Preview Assets.xcassets */,
			);
			path = "Preview Content";
			sourceTree = "<group>";
		};
		22234D4026471AB400140666 /* SwiftUI_exercise1Tests */ = {
			isa = PBXGroup;
			children = (
				22234D4126471AB400140666 /* SwiftUI_exercise1Tests.swift */,
				22234D4326471AB400140666 /* Info.plist */,
			);
			path = SwiftUI_exercise1Tests;
			sourceTree = "<group>";
		};
		22234D4B26471AB400140666 /* SwiftUI_exercise1UITests */ = {
			isa = PBXGroup;
			children = (
				22234D4C26471AB400140666 /* SwiftUI_exercise1UITests.swift */,
				22234D4E26471AB400140666 /* Info.plist */,
			);
			path = SwiftUI_exercise1UITests;
			sourceTree = "<group>";
		};
		950127988E81A9AD849863C8 /* Frameworks */ = {
			isa = PBXGroup;
			children = (
				ACF1E57A111BA59E6B3AB56A /* Pods_SwiftUI_exercise1.framework */,
			);
			name = Frameworks;
			sourceTree = "<group>";
		};
		EA18012EF2E6C876AC64E812 /* Pods */ = {
			isa = PBXGroup;
			children = (
				7F132BCE5A4E762D34A65F6F /* Pods-SwiftUI_exercise1.debug.xcconfig */,
				4D6B47E4ACEC8D6B7A075CF8 /* Pods-SwiftUI_exercise1.release.xcconfig */,
			);
			path = Pods;
			sourceTree = "<group>";
		};
/* End PBXGroup section */

/* Begin PBXNativeTarget section */
		22234D2B26471AB300140666 /* SwiftUI_exercise1 */ = {
			isa = PBXNativeTarget;
			buildConfigurationList = 22234D5126471AB400140666 /* Build configuration list for PBXNativeTarget "SwiftUI_exercise1" */;
			buildPhases = (
				AD6ECA419997C5C7B9AA84CC /* [CP] Check Pods Manifest.lock */,
				22234D2826471AB300140666 /* Sources */,
				22234D2926471AB300140666 /* Frameworks */,
				22234D2A26471AB300140666 /* Resources */,
				8E49FCBABDE12E9C72081E7A /* [CP] Embed Pods Frameworks */,
			);
			buildRules = (
			);
			dependencies = (
			);
			name = SwiftUI_exercise1;
			productName = SwiftUI_exercise1;
			productReference = 22234D2C26471AB300140666 /* SwiftUI_exercise1.app */;
			productType = "com.apple.product-type.application";
		};
		22234D3C26471AB400140666 /* SwiftUI_exercise1Tests */ = {
			isa = PBXNativeTarget;
			buildConfigurationList = 22234D5426471AB400140666 /* Build configuration list for PBXNativeTarget "SwiftUI_exercise1Tests" */;
			buildPhases = (
				22234D3926471AB400140666 /* Sources */,
				22234D3A26471AB400140666 /* Frameworks */,
				22234D3B26471AB400140666 /* Resources */,
			);
			buildRules = (
			);
			dependencies = (
				22234D3F26471AB400140666 /* PBXTargetDependency */,
			);
			name = SwiftUI_exercise1Tests;
			productName = SwiftUI_exercise1Tests;
			productReference = 22234D3D26471AB400140666 /* SwiftUI_exercise1Tests.xctest */;
			productType = "com.apple.product-type.bundle.unit-test";
		};
		22234D4726471AB400140666 /* SwiftUI_exercise1UITests */ = {
			isa = PBXNativeTarget;
			buildConfigurationList = 22234D5726471AB400140666 /* Build configuration list for PBXNativeTarget "SwiftUI_exercise1UITests" */;
			buildPhases = (
				22234D4426471AB400140666 /* Sources */,
				22234D4526471AB400140666 /* Frameworks */,
				22234D4626471AB400140666 /* Resources */,
			);
			buildRules = (
			);
			dependencies = (
				22234D4A26471AB400140666 /* PBXTargetDependency */,
			);
			name = SwiftUI_exercise1UITests;
			productName = SwiftUI_exercise1UITests;
			productReference = 22234D4826471AB400140666 /* SwiftUI_exercise1UITests.xctest */;
			productType = "com.apple.product-type.bundle.ui-testing";
		};
/* End PBXNativeTarget section */

/* Begin PBXProject section */
		22234D2426471AB300140666 /* Project object */ = {
			isa = PBXProject;
			attributes = {
				LastSwiftUpdateCheck = 1250;
				LastUpgradeCheck = 1250;
				TargetAttributes = {
					22234D2B26471AB300140666 = {
						CreatedOnToolsVersion = 12.5;
					};
					22234D3C26471AB400140666 = {
						CreatedOnToolsVersion = 12.5;
						TestTargetID = 22234D2B26471AB300140666;
					};
					22234D4726471AB400140666 = {
						CreatedOnToolsVersion = 12.5;
						TestTargetID = 22234D2B26471AB300140666;
					};
				};
			};
			buildConfigurationList = 22234D2726471AB300140666 /* Build configuration list for PBXProject "SwiftUI_exercise1" */;
			compatibilityVersion = "Xcode 9.3";
			developmentRegion = en;
			hasScannedForEncodings = 0;
			knownRegions = (
				en,
				Base,
			);
			mainGroup = 22234D2326471AB300140666;
			productRefGroup = 22234D2D26471AB300140666 /* Products */;
			projectDirPath = "";
			projectRoot = "";
			targets = (
				22234D2B26471AB300140666 /* SwiftUI_exercise1 */,
				22234D3C26471AB400140666 /* SwiftUI_exercise1Tests */,
				22234D4726471AB400140666 /* SwiftUI_exercise1UITests */,
			);
		};
/* End PBXProject section */

/* Begin PBXResourcesBuildPhase section */
		22234D2A26471AB300140666 /* Resources */ = {
			isa = PBXResourcesBuildPhase;
			buildActionMask = 2147483647;
			files = (
				22234D3726471AB400140666 /* Preview Assets.xcassets in Resources */,
				22234D3426471AB400140666 /* Assets.xcassets in Resources */,
				220A21F82647F47100F0F362 /* Tutor.xcassets in Resources */,
				220A21F92647F47100F0F362 /* Tutors in Resources */,
				220A21FD2647F7F500F0F362 /* Assets.xcassets in Resources */,
			);
			runOnlyForDeploymentPostprocessing = 0;
		};
		22234D3B26471AB400140666 /* Resources */ = {
			isa = PBXResourcesBuildPhase;
			buildActionMask = 2147483647;
			files = (
			);
			runOnlyForDeploymentPostprocessing = 0;
		};
		22234D4626471AB400140666 /* Resources */ = {
			isa = PBXResourcesBuildPhase;
			buildActionMask = 2147483647;
			files = (
			);
			runOnlyForDeploymentPostprocessing = 0;
		};
/* End PBXResourcesBuildPhase section */

/* Begin PBXShellScriptBuildPhase section */
		8E49FCBABDE12E9C72081E7A /* [CP] Embed Pods Frameworks */ = {
			isa = PBXShellScriptBuildPhase;
			buildActionMask = 2147483647;
			files = (
			);
			inputFileListPaths = (
				"${PODS_ROOT}/Target Support Files/Pods-SwiftUI_exercise1/Pods-SwiftUI_exercise1-frameworks-${CONFIGURATION}-input-files.xcfilelist",
			);
			name = "[CP] Embed Pods Frameworks";
			outputFileListPaths = (
				"${PODS_ROOT}/Target Support Files/Pods-SwiftUI_exercise1/Pods-SwiftUI_exercise1-frameworks-${CONFIGURATION}-output-files.xcfilelist",
			);
			runOnlyForDeploymentPostprocessing = 0;
			shellPath = /bin/sh;
			shellScript = "\"${PODS_ROOT}/Target Support Files/Pods-SwiftUI_exercise1/Pods-SwiftUI_exercise1-frameworks.sh\"\n";
			showEnvVarsInLog = 0;
		};
		AD6ECA419997C5C7B9AA84CC /* [CP] Check Pods Manifest.lock */ = {
			isa = PBXShellScriptBuildPhase;
			buildActionMask = 2147483647;
			files = (
			);
			inputFileListPaths = (
			);
			inputPaths = (
				"${PODS_PODFILE_DIR_PATH}/Podfile.lock",
				"${PODS_ROOT}/Manifest.lock",
			);
			name = "[CP] Check Pods Manifest.lock";
			outputFileListPaths = (
			);
			outputPaths = (
				"$(DERIVED_FILE_DIR)/Pods-SwiftUI_exercise1-checkManifestLockResult.txt",
			);
			runOnlyForDeploymentPostprocessing = 0;
			shellPath = /bin/sh;
			shellScript = "diff \"${PODS_PODFILE_DIR_PATH}/Podfile.lock\" \"${PODS_ROOT}/Manifest.lock\" > /dev/null\nif [ $? != 0 ] ; then\n    # print error to STDERR\n    echo \"error: The sandbox is not in sync with the Podfile.lock. Run 'pod install' or update your CocoaPods installation.\" >&2\n    exit 1\nfi\n# This output is used by Xcode 'outputs' to avoid re-running this script phase.\necho \"SUCCESS\" > \"${SCRIPT_OUTPUT_FILE_0}\"\n";
			showEnvVarsInLog = 0;
		};
/* End PBXShellScriptBuildPhase section */

/* Begin PBXSourcesBuildPhase section */
		22234D2826471AB300140666 /* Sources */ = {
			isa = PBXSourcesBuildPhase;
			buildActionMask = 2147483647;
			files = (
				22234D3226471AB300140666 /* ContentView.swift in Sources */,
				220A21FB2647F47100F0F362 /* TutorDetail.swift in Sources */,
				220A21FA2647F47100F0F362 /* Tutor.swift in Sources */,
				22234D3026471AB300140666 /* SwiftUI_exercise1App.swift in Sources */,
			);
			runOnlyForDeploymentPostprocessing = 0;
		};
		22234D3926471AB400140666 /* Sources */ = {
			isa = PBXSourcesBuildPhase;
			buildActionMask = 2147483647;
			files = (
				22234D4226471AB400140666 /* SwiftUI_exercise1Tests.swift in Sources */,
			);
			runOnlyForDeploymentPostprocessing = 0;
		};
		22234D4426471AB400140666 /* Sources */ = {
			isa = PBXSourcesBuildPhase;
			buildActionMask = 2147483647;
			files = (
				22234D4D26471AB400140666 /* SwiftUI_exercise1UITests.swift in Sources */,
			);
			runOnlyForDeploymentPostprocessing = 0;
		};
/* End PBXSourcesBuildPhase section */

/* Begin PBXTargetDependency section */
		22234D3F26471AB400140666 /* PBXTargetDependency */ = {
			isa = PBXTargetDependency;
			target = 22234D2B26471AB300140666 /* SwiftUI_exercise1 */;
			targetProxy = 22234D3E26471AB400140666 /* PBXContainerItemProxy */;
		};
		22234D4A26471AB400140666 /* PBXTargetDependency */ = {
			isa = PBXTargetDependency;
			target = 22234D2B26471AB300140666 /* SwiftUI_exercise1 */;
			targetProxy = 22234D4926471AB400140666 /* PBXContainerItemProxy */;
		};
/* End PBXTargetDependency section */

/* Begin XCBuildConfiguration section */
		22234D4F26471AB400140666 /* Debug */ = {
			isa = XCBuildConfiguration;
			buildSettings = {
				ALWAYS_SEARCH_USER_PATHS = NO;
				CLANG_ANALYZER_NONNULL = YES;
				CLANG_ANALYZER_NUMBER_OBJECT_CONVERSION = YES_AGGRESSIVE;
				CLANG_CXX_LANGUAGE_STANDARD = "gnu++14";
				CLANG_CXX_LIBRARY = "libc++";
				CLANG_ENABLE_MODULES = YES;
				CLANG_ENABLE_OBJC_ARC = YES;
				CLANG_ENABLE_OBJC_WEAK = YES;
				CLANG_WARN_BLOCK_CAPTURE_AUTORELEASING = YES;
				CLANG_WARN_BOOL_CONVERSION = YES;
				CLANG_WARN_COMMA = YES;
				CLANG_WARN_CONSTANT_CONVERSION = YES;
				CLANG_WARN_DEPRECATED_OBJC_IMPLEMENTATIONS = YES;
				CLANG_WARN_DIRECT_OBJC_ISA_USAGE = YES_ERROR;
				CLANG_WARN_DOCUMENTATION_COMMENTS = YES;
				CLANG_WARN_EMPTY_BODY = YES;
				CLANG_WARN_ENUM_CONVERSION = YES;
				CLANG_WARN_INFINITE_RECURSION = YES;
				CLANG_WARN_INT_CONVERSION = YES;
				CLANG_WARN_NON_LITERAL_NULL_CONVERSION = YES;
				CLANG_WARN_OBJC_IMPLICIT_RETAIN_SELF = YES;
				CLANG_WARN_OBJC_LITERAL_CONVERSION = YES;
				CLANG_WARN_OBJC_ROOT_CLASS = YES_ERROR;
				CLANG_WARN_QUOTED_INCLUDE_IN_FRAMEWORK_HEADER = YES;
				CLANG_WARN_RANGE_LOOP_ANALYSIS = YES;
				CLANG_WARN_STRICT_PROTOTYPES = YES;
				CLANG_WARN_SUSPICIOUS_MOVE = YES;
				CLANG_WARN_UNGUARDED_AVAILABILITY = YES_AGGRESSIVE;
				CLANG_WARN_UNREACHABLE_CODE = YES;
				CLANG_WARN__DUPLICATE_METHOD_MATCH = YES;
				COPY_PHASE_STRIP = NO;
				DEBUG_INFORMATION_FORMAT = dwarf;
				ENABLE_STRICT_OBJC_MSGSEND = YES;
				ENABLE_TESTABILITY = YES;
				GCC_C_LANGUAGE_STANDARD = gnu11;
				GCC_DYNAMIC_NO_PIC = NO;
				GCC_NO_COMMON_BLOCKS = YES;
				GCC_OPTIMIZATION_LEVEL = 0;
				GCC_PREPROCESSOR_DEFINITIONS = (
					"DEBUG=1",
					"$(inherited)",
				);
				GCC_WARN_64_TO_32_BIT_CONVERSION = YES;
				GCC_WARN_ABOUT_RETURN_TYPE = YES_ERROR;
				GCC_WARN_UNDECLARED_SELECTOR = YES;
				GCC_WARN_UNINITIALIZED_AUTOS = YES_AGGRESSIVE;
				GCC_WARN_UNUSED_FUNCTION = YES;
				GCC_WARN_UNUSED_VARIABLE = YES;
				IPHONEOS_DEPLOYMENT_TARGET = 14.5;
				MTL_ENABLE_DEBUG_INFO = INCLUDE_SOURCE;
				MTL_FAST_MATH = YES;
				ONLY_ACTIVE_ARCH = YES;
				SDKROOT = iphoneos;
				SWIFT_ACTIVE_COMPILATION_CONDITIONS = DEBUG;
				SWIFT_OPTIMIZATION_LEVEL = "-Onone";
			};
			name = Debug;
		};
		22234D5026471AB400140666 /* Release */ = {
			isa = XCBuildConfiguration;
			buildSettings = {
				ALWAYS_SEARCH_USER_PATHS = NO;
				CLANG_ANALYZER_NONNULL = YES;
				CLANG_ANALYZER_NUMBER_OBJECT_CONVERSION = YES_AGGRESSIVE;
				CLANG_CXX_LANGUAGE_STANDARD = "gnu++14";
				CLANG_CXX_LIBRARY = "libc++";
				CLANG_ENABLE_MODULES = YES;
				CLANG_ENABLE_OBJC_ARC = YES;
				CLANG_ENABLE_OBJC_WEAK = YES;
				CLANG_WARN_BLOCK_CAPTURE_AUTORELEASING = YES;
				CLANG_WARN_BOOL_CONVERSION = YES;
				CLANG_WARN_COMMA = YES;
				CLANG_WARN_CONSTANT_CONVERSION = YES;
				CLANG_WARN_DEPRECATED_OBJC_IMPLEMENTATIONS = YES;
				CLANG_WARN_DIRECT_OBJC_ISA_USAGE = YES_ERROR;
				CLANG_WARN_DOCUMENTATION_COMMENTS = YES;
				CLANG_WARN_EMPTY_BODY = YES;
				CLANG_WARN_ENUM_CONVERSION = YES;
				CLANG_WARN_INFINITE_RECURSION = YES;
				CLANG_WARN_INT_CONVERSION = YES;
				CLANG_WARN_NON_LITERAL_NULL_CONVERSION = YES;
				CLANG_WARN_OBJC_IMPLICIT_RETAIN_SELF = YES;
				CLANG_WARN_OBJC_LITERAL_CONVERSION = YES;
				CLANG_WARN_OBJC_ROOT_CLASS = YES_ERROR;
				CLANG_WARN_QUOTED_INCLUDE_IN_FRAMEWORK_HEADER = YES;
				CLANG_WARN_RANGE_LOOP_ANALYSIS = YES;
				CLANG_WARN_STRICT_PROTOTYPES = YES;
				CLANG_WARN_SUSPICIOUS_MOVE = YES;
				CLANG_WARN_UNGUARDED_AVAILABILITY = YES_AGGRESSIVE;
				CLANG_WARN_UNREACHABLE_CODE = YES;
				CLANG_WARN__DUPLICATE_METHOD_MATCH = YES;
				COPY_PHASE_STRIP = NO;
				DEBUG_INFORMATION_FORMAT = "dwarf-with-dsym";
				ENABLE_NS_ASSERTIONS = NO;
				ENABLE_STRICT_OBJC_MSGSEND = YES;
				GCC_C_LANGUAGE_STANDARD = gnu11;
				GCC_NO_COMMON_BLOCKS = YES;
				GCC_WARN_64_TO_32_BIT_CONVERSION = YES;
				GCC_WARN_ABOUT_RETURN_TYPE = YES_ERROR;
				GCC_WARN_UNDECLARED_SELECTOR = YES;
				GCC_WARN_UNINITIALIZED_AUTOS = YES_AGGRESSIVE;
				GCC_WARN_UNUSED_FUNCTION = YES;
				GCC_WARN_UNUSED_VARIABLE = YES;
				IPHONEOS_DEPLOYMENT_TARGET = 14.5;
				MTL_ENABLE_DEBUG_INFO = NO;
				MTL_FAST_MATH = YES;
				SDKROOT = iphoneos;
				SWIFT_COMPILATION_MODE = wholemodule;
				SWIFT_OPTIMIZATION_LEVEL = "-O";
				VALIDATE_PRODUCT = YES;
			};
			name = Release;
		};
		22234D5226471AB400140666 /* Debug */ = {
			isa = XCBuildConfiguration;
			baseConfigurationReference = 7F132BCE5A4E762D34A65F6F /* Pods-SwiftUI_exercise1.debug.xcconfig */;
			buildSettings = {
				ASSETCATALOG_COMPILER_APPICON_NAME = AppIcon;
				ASSETCATALOG_COMPILER_GLOBAL_ACCENT_COLOR_NAME = AccentColor;
				CODE_SIGN_STYLE = Automatic;
				DEVELOPMENT_ASSET_PATHS = "\"SwiftUI_exercise1/Preview Content\"";
				DEVELOPMENT_TEAM = 24M6WP9LP6;
				ENABLE_PREVIEWS = YES;
				INFOPLIST_FILE = SwiftUI_exercise1/Info.plist;
				IPHONEOS_DEPLOYMENT_TARGET = 14.0;
				LD_RUNPATH_SEARCH_PATHS = (
					"$(inherited)",
					"@executable_path/Frameworks",
				);
				PRODUCT_BUNDLE_IDENTIFIER = "com.example.SwiftUI-exercise1";
				PRODUCT_NAME = "$(TARGET_NAME)";
				SWIFT_VERSION = 5.0;
				TARGETED_DEVICE_FAMILY = "1,2";
			};
			name = Debug;
		};
		22234D5326471AB400140666 /* Release */ = {
			isa = XCBuildConfiguration;
			baseConfigurationReference = 4D6B47E4ACEC8D6B7A075CF8 /* Pods-SwiftUI_exercise1.release.xcconfig */;
			buildSettings = {
				ASSETCATALOG_COMPILER_APPICON_NAME = AppIcon;
				ASSETCATALOG_COMPILER_GLOBAL_ACCENT_COLOR_NAME = AccentColor;
				CODE_SIGN_STYLE = Automatic;
				DEVELOPMENT_ASSET_PATHS = "\"SwiftUI_exercise1/Preview Content\"";
				DEVELOPMENT_TEAM = 24M6WP9LP6;
				ENABLE_PREVIEWS = YES;
				INFOPLIST_FILE = SwiftUI_exercise1/Info.plist;
				IPHONEOS_DEPLOYMENT_TARGET = 14.0;
				LD_RUNPATH_SEARCH_PATHS = (
					"$(inherited)",
					"@executable_path/Frameworks",
				);
				PRODUCT_BUNDLE_IDENTIFIER = "com.example.SwiftUI-exercise1";
				PRODUCT_NAME = "$(TARGET_NAME)";
				SWIFT_VERSION = 5.0;
				TARGETED_DEVICE_FAMILY = "1,2";
			};
			name = Release;
		};
		22234D5526471AB400140666 /* Debug */ = {
			isa = XCBuildConfiguration;
			buildSettings = {
				ALWAYS_EMBED_SWIFT_STANDARD_LIBRARIES = YES;
				BUNDLE_LOADER = "$(TEST_HOST)";
				CODE_SIGN_STYLE = Automatic;
				DEVELOPMENT_TEAM = 24M6WP9LP6;
				INFOPLIST_FILE = SwiftUI_exercise1Tests/Info.plist;
				IPHONEOS_DEPLOYMENT_TARGET = 14.0;
				LD_RUNPATH_SEARCH_PATHS = (
					"$(inherited)",
					"@executable_path/Frameworks",
					"@loader_path/Frameworks",
				);
				PRODUCT_BUNDLE_IDENTIFIER = "com.example.SwiftUI-exercise1Tests";
				PRODUCT_NAME = "$(TARGET_NAME)";
				SWIFT_VERSION = 5.0;
				TARGETED_DEVICE_FAMILY = "1,2";
				TEST_HOST = "$(BUILT_PRODUCTS_DIR)/SwiftUI_exercise1.app/SwiftUI_exercise1";
			};
			name = Debug;
		};
		22234D5626471AB400140666 /* Release */ = {
			isa = XCBuildConfiguration;
			buildSettings = {
				ALWAYS_EMBED_SWIFT_STANDARD_LIBRARIES = YES;
				BUNDLE_LOADER = "$(TEST_HOST)";
				CODE_SIGN_STYLE = Automatic;
				DEVELOPMENT_TEAM = 24M6WP9LP6;
				INFOPLIST_FILE = SwiftUI_exercise1Tests/Info.plist;
				IPHONEOS_DEPLOYMENT_TARGET = 14.0;
				LD_RUNPATH_SEARCH_PATHS = (
					"$(inherited)",
					"@executable_path/Frameworks",
					"@loader_path/Frameworks",
				);
				PRODUCT_BUNDLE_IDENTIFIER = "com.example.SwiftUI-exercise1Tests";
				PRODUCT_NAME = "$(TARGET_NAME)";
				SWIFT_VERSION = 5.0;
				TARGETED_DEVICE_FAMILY = "1,2";
				TEST_HOST = "$(BUILT_PRODUCTS_DIR)/SwiftUI_exercise1.app/SwiftUI_exercise1";
			};
			name = Release;
		};
		22234D5826471AB400140666 /* Debug */ = {
			isa = XCBuildConfiguration;
			buildSettings = {
				ALWAYS_EMBED_SWIFT_STANDARD_LIBRARIES = YES;
				CODE_SIGN_STYLE = Automatic;
				DEVELOPMENT_TEAM = 24M6WP9LP6;
				INFOPLIST_FILE = SwiftUI_exercise1UITests/Info.plist;
				LD_RUNPATH_SEARCH_PATHS = (
					"$(inherited)",
					"@executable_path/Frameworks",
					"@loader_path/Frameworks",
				);
				PRODUCT_BUNDLE_IDENTIFIER = "com.example.SwiftUI-exercise1UITests";
				PRODUCT_NAME = "$(TARGET_NAME)";
				SWIFT_VERSION = 5.0;
				TARGETED_DEVICE_FAMILY = "1,2";
				TEST_TARGET_NAME = SwiftUI_exercise1;
			};
			name = Debug;
		};
		22234D5926471AB400140666 /* Release */ = {
			isa = XCBuildConfiguration;
			buildSettings = {
				ALWAYS_EMBED_SWIFT_STANDARD_LIBRARIES = YES;
				CODE_SIGN_STYLE = Automatic;
				DEVELOPMENT_TEAM = 24M6WP9LP6;
				INFOPLIST_FILE = SwiftUI_exercise1UITests/Info.plist;
				LD_RUNPATH_SEARCH_PATHS = (
					"$(inherited)",
					"@executable_path/Frameworks",
					"@loader_path/Frameworks",
				);
				PRODUCT_BUNDLE_IDENTIFIER = "com.example.SwiftUI-exercise1UITests";
				PRODUCT_NAME = "$(TARGET_NAME)";
				SWIFT_VERSION = 5.0;
				TARGETED_DEVICE_FAMILY = "1,2";
				TEST_TARGET_NAME = SwiftUI_exercise1;
			};
			name = Release;
		};
/* End XCBuildConfiguration section */

/* Begin XCConfigurationList section */
		22234D2726471AB300140666 /* Build configuration list for PBXProject "SwiftUI_exercise1" */ = {
			isa = XCConfigurationList;
			buildConfigurations = (
				22234D4F26471AB400140666 /* Debug */,
				22234D5026471AB400140666 /* Release */,
			);
			defaultConfigurationIsVisible = 0;
			defaultConfigurationName = Release;
		};
		22234D5126471AB400140666 /* Build configuration list for PBXNativeTarget "SwiftUI_exercise1" */ = {
			isa = XCConfigurationList;
			buildConfigurations = (
				22234D5226471AB400140666 /* Debug */,
				22234D5326471AB400140666 /* Release */,
			);
			defaultConfigurationIsVisible = 0;
			defaultConfigurationName = Release;
		};
		22234D5426471AB400140666 /* Build configuration list for PBXNativeTarget "SwiftUI_exercise1Tests" */ = {
			isa = XCConfigurationList;
			buildConfigurations = (
				22234D5526471AB400140666 /* Debug */,
				22234D5626471AB400140666 /* Release */,
			);
			defaultConfigurationIsVisible = 0;
			defaultConfigurationName = Release;
		};
		22234D5726471AB400140666 /* Build configuration list for PBXNativeTarget "SwiftUI_exercise1UITests" */ = {
			isa = XCConfigurationList;
			buildConfigurations = (
				22234D5826471AB400140666 /* Debug */,
				22234D5926471AB400140666 /* Release */,
			);
			defaultConfigurationIsVisible = 0;
			defaultConfigurationName = Release;
		};
/* End XCConfigurationList section */
	};
	rootObject = 22234D2426471AB300140666 /* Project object */;
}
